github.com/whiteboxsolutions/Chubby v0.0.0-20240622001931-e6c05b7e040a h1:S+HupT3bjV9xGwB0C7HmhiRcN/rJElWoUiqAUTXHBN0=
github.com/whiteboxsolutions/Chubby v0.0.0-20240622001931-e6c05b7e040a/go.mod h1:loQkY4uqh8AYKpRgXXAFtfpsjyaRzHTHjr03LsSjyjw=
github.com/whiteboxsolutions/Chubby v0.0.0-20240622053848-d53e2379b16d h1:RJmD31vJjiT6ubBrc7ADBUm3E1kYElvo4eAL+ZBrlOg=
github.com/whiteboxsolutions/Chubby v0.0.0-20240622053848-d53e2379b16d/go.mod h1:BtV6yPiaQTIf8Eh2kM6GYKK8uh+EU7BWSl/W/JDgfO0=
